{
  "requires": true,
  "lockfileVersion": 1,
  "dependencies": {
    "@buuug7/uniapp-components": {
      "version": "0.7.0",
      "resolved": "https://registry.npmjs.org/@buuug7/uniapp-components/-/uniapp-components-0.7.0.tgz",
      "integrity": "sha512-7GZujFA7QT0OqKBEhvclzRUyeS+nBLtWjO3x25uDY1ZVpjwrT3tKgNktUMRHWOtyd8EZTpurTCSy3BgYbnp0VQ=="
    }
  }
}
